
Microsoft Visual Studio Solution File, Format Version 12.00
# Visual Studio 14
VisualStudioVersion = 14.0.24720.0
MinimumVisualStudioVersion = 10.0.40219.1
Project("{FAE04EC0-301F-11D3-BF4B-00C04F79EFBC}") = "MyBackuper.Classes", "MyBackuper.Classes\MyBackuper.Classes.csproj", "{38851A61-147A-45BF-810A-C956B1FD57C2}"
EndProject
Project("{FAE04EC0-301F-11D3-BF4B-00C04F79EFBC}") = "MyBackuper.Service", "MyBackuper.Service\MyBackuper.Service.csproj", "{599D9245-A4C6-40D7-A282-7EF1CDFBD8D4}"
EndProject
Project("{FAE04EC0-301F-11D3-BF4B-00C04F79EFBC}") = "MyBackuper.Client", "MyBackuper.Client\MyBackuper.Client.csproj", "{E6FE0EB7-24B6-450D-9F1E-F5F55710F712}"
EndProject
Global
	GlobalSection(SolutionConfigurationPlatforms) = preSolution
		Debug|Any CPU = Debug|Any CPU
		Release|Any CPU = Release|Any CPU
	EndGlobalSection
	GlobalSection(ProjectConfigurationPlatforms) = postSolution
		{38851A61-147A-45BF-810A-C956B1FD57C2}.Debug|Any CPU.ActiveCfg = Debug|Any CPU
		{38851A61-147A-45BF-810A-C956B1FD57C2}.Debug|Any CPU.Build.0 = Debug|Any CPU
		{38851A61-147A-45BF-810A-C956B1FD57C2}.Release|Any CPU.ActiveCfg = Release|Any CPU
		{38851A61-147A-45BF-810A-C956B1FD57C2}.Release|Any CPU.Build.0 = Release|Any CPU
		{599D9245-A4C6-40D7-A282-7EF1CDFBD8D4}.Debug|Any CPU.ActiveCfg = Debug|Any CPU
		{599D9245-A4C6-40D7-A282-7EF1CDFBD8D4}.Debug|Any CPU.Build.0 = Debug|Any CPU
		{599D9245-A4C6-40D7-A282-7EF1CDFBD8D4}.Release|Any CPU.ActiveCfg = Release|Any CPU
		{599D9245-A4C6-40D7-A282-7EF1CDFBD8D4}.Release|Any CPU.Build.0 = Release|Any CPU
		{E6FE0EB7-24B6-450D-9F1E-F5F55710F712}.Debug|Any CPU.ActiveCfg = Debug|Any CPU
		{E6FE0EB7-24B6-450D-9F1E-F5F55710F712}.Debug|Any CPU.Build.0 = Debug|Any CPU
		{E6FE0EB7-24B6-450D-9F1E-F5F55710F712}.Release|Any CPU.ActiveCfg = Release|Any CPU
		{E6FE0EB7-24B6-450D-9F1E-F5F55710F712}.Release|Any CPU.Build.0 = Release|Any CPU
	EndGlobalSection
	GlobalSection(SolutionProperties) = preSolution
		HideSolutionNode = FALSE
	EndGlobalSection
EndGlobal
